
Microsoft Visual Studio Solution File, Format Version 12.00
# Visual Studio Version 16
VisualStudioVersion = 16.0.30011.22
MinimumVisualStudioVersion = 10.0.40219.1
Project("{FAE04EC0-301F-11D3-BF4B-00C04F79EFBC}") = "Stuuwy", "Stuuwy\Stuuwy.csproj", "{86BD2CDB-0D0A-4954-A8E1-580A40C8CAFF}"
EndProject
Project("{54435603-DBB4-11D2-8724-00A0C9A8B90C}") = "Stuuwy Library", "Stuuwy Library\Stuuwy Library.vdproj", "{B3DCFF62-6FCD-4F0A-BD37-6F426970E67C}"
EndProject
Global
	GlobalSection(SolutionConfigurationPlatforms) = preSolution
		Debug|Any CPU = Debug|Any CPU
		Release|Any CPU = Release|Any CPU
	EndGlobalSection
	GlobalSection(ProjectConfigurationPlatforms) = postSolution
		{86BD2CDB-0D0A-4954-A8E1-580A40C8CAFF}.Debug|Any CPU.ActiveCfg = Release|Any CPU
		{86BD2CDB-0D0A-4954-A8E1-580A40C8CAFF}.Debug|Any CPU.Build.0 = Release|Any CPU
		{86BD2CDB-0D0A-4954-A8E1-580A40C8CAFF}.Release|Any CPU.ActiveCfg = Release|Any CPU
		{86BD2CDB-0D0A-4954-A8E1-580A40C8CAFF}.Release|Any CPU.Build.0 = Release|Any CPU
		{B3DCFF62-6FCD-4F0A-BD37-6F426970E67C}.Debug|Any CPU.ActiveCfg = Debug
		{B3DCFF62-6FCD-4F0A-BD37-6F426970E67C}.Release|Any CPU.ActiveCfg = Release
	EndGlobalSection
	GlobalSection(SolutionProperties) = preSolution
		HideSolutionNode = FALSE
	EndGlobalSection
	GlobalSection(ExtensibilityGlobals) = postSolution
		SolutionGuid = {1D04A5CD-10DE-47EC-9B3A-39F9B3B74C1F}
	EndGlobalSection
EndGlobal
